// !$*UTF8*$!
{
	archiveVersion = 1;
	classes = {
	};
	objectVersion = 50;
	objects = {

/* Begin PBXFileReference section */
		652794A422A128610055720F /* LCFS-PR.c */ = {isa = PBXFileReference; lastKnownFileType = sourcecode.c.c; path = "LCFS-PR.c"; sourceTree = "<group>"; };
		652794A522A128610055720F /* RR.c */ = {isa = PBXFileReference; lastKnownFileType = sourcecode.c.c; path = RR.c; sourceTree = "<group>"; };
		652794A622A128610055720F /* MLF.c */ = {isa = PBXFileReference; lastKnownFileType = sourcecode.c.c; path = MLF.c; sourceTree = "<group>"; };
		652794A722A128610055720F /* Makefile */ = {isa = PBXFileReference; lastKnownFileType = sourcecode.make; path = Makefile; sourceTree = "<group>"; };
		652794A822A128610055720F /* Queue.c */ = {isa = PBXFileReference; lastKnownFileType = sourcecode.c.c; path = Queue.c; sourceTree = "<group>"; };
		652794A922A128610055720F /* task.c */ = {isa = PBXFileReference; lastKnownFileType = sourcecode.c.c; path = task.c; sourceTree = "<group>"; };
		652794AA22A128610055720F /* main.c */ = {isa = PBXFileReference; lastKnownFileType = sourcecode.c.c; path = main.c; sourceTree = "<group>"; };
		652794AB22A128610055720F /* SJN.c */ = {isa = PBXFileReference; lastKnownFileType = sourcecode.c.c; path = SJN.c; sourceTree = "<group>"; };
		652794AC22A128610055720F /* working_example */ = {isa = PBXFileReference; lastKnownFileType = text; path = working_example; sourceTree = "<group>"; };
		652794AD22A128610055720F /* SRTN.c */ = {isa = PBXFileReference; lastKnownFileType = sourcecode.c.c; path = SRTN.c; sourceTree = "<group>"; };
/* End PBXFileReference section */

/* Begin PBXGroup section */
		6527949E22A128610055720F = {
			isa = PBXGroup;
			children = (
				652794A422A128610055720F /* LCFS-PR.c */,
				652794A522A128610055720F /* RR.c */,
				652794A622A128610055720F /* MLF.c */,
				652794A722A128610055720F /* Makefile */,
				652794A822A128610055720F /* Queue.c */,
				652794A922A128610055720F /* task.c */,
				652794AA22A128610055720F /* main.c */,
				652794AB22A128610055720F /* SJN.c */,
				652794AC22A128610055720F /* working_example */,
				652794AD22A128610055720F /* SRTN.c */,
			);
			sourceTree = "<group>";
		};
/* End PBXGroup section */

/* Begin PBXLegacyTarget section */
		652794A322A128610055720F /* src */ = {
			isa = PBXLegacyTarget;
			buildArgumentsString = "$(ACTION)";
			buildConfigurationList = 652794AE22A128610055720F /* Build configuration list for PBXLegacyTarget "src" */;
			buildPhases = (
			);
			buildToolPath = /usr/bin/make;
			buildWorkingDirectory = "/Users/artemsereda/Documents/TI/2.Sem/SysProg/Vorgabe 5/src";
			dependencies = (
			);
			name = src;
			passBuildSettingsInEnvironment = 1;
			productName = src;
		};
/* End PBXLegacyTarget section */

/* Begin PBXProject section */
		6527949F22A128610055720F /* Project object */ = {
			isa = PBXProject;
			attributes = {
				LastUpgradeCheck = 1020;
			};
			buildConfigurationList = 652794A222A128610055720F /* Build configuration list for PBXProject "src" */;
			compatibilityVersion = "Xcode 9.3";
			developmentRegion = en;
			hasScannedForEncodings = 0;
			knownRegions = (
				en,
				Base,
			);
			mainGroup = 6527949E22A128610055720F;
			projectDirPath = "";
			projectRoot = "";
			targets = (
				652794A322A128610055720F /* src */,
			);
		};
/* End PBXProject section */

/* Begin XCBuildConfiguration section */
		652794A022A128610055720F /* Debug */ = {
			isa = XCBuildConfiguration;
			buildSettings = {
				"ARCHS[arch=x86_64]" = x86;
				CLANG_WARN_BLOCK_CAPTURE_AUTORELEASING = YES;
				CLANG_WARN_BOOL_CONVERSION = YES;
				CLANG_WARN_COMMA = YES;
				CLANG_WARN_CONSTANT_CONVERSION = YES;
				CLANG_WARN_DEPRECATED_OBJC_IMPLEMENTATIONS = YES;
				CLANG_WARN_EMPTY_BODY = YES;
				CLANG_WARN_ENUM_CONVERSION = YES;
				CLANG_WARN_INFINITE_RECURSION = YES;
				CLANG_WARN_INT_CONVERSION = YES;
				CLANG_WARN_NON_LITERAL_NULL_CONVERSION = YES;
				CLANG_WARN_OBJC_IMPLICIT_RETAIN_SELF = YES;
				CLANG_WARN_OBJC_LITERAL_CONVERSION = YES;
				CLANG_WARN_RANGE_LOOP_ANALYSIS = YES;
				CLANG_WARN_STRICT_PROTOTYPES = YES;
				CLANG_WARN_SUSPICIOUS_MOVE = YES;
				CLANG_WARN_UNREACHABLE_CODE = YES;
				CLANG_WARN__DUPLICATE_METHOD_MATCH = YES;
				COPY_PHASE_STRIP = NO;
				ENABLE_STRICT_OBJC_MSGSEND = YES;
				ENABLE_TESTABILITY = YES;
				GCC_NO_COMMON_BLOCKS = YES;
				GCC_WARN_64_TO_32_BIT_CONVERSION = YES;
				GCC_WARN_ABOUT_RETURN_TYPE = YES;
				GCC_WARN_UNDECLARED_SELECTOR = YES;
				GCC_WARN_UNINITIALIZED_AUTOS = YES;
				GCC_WARN_UNUSED_FUNCTION = YES;
				GCC_WARN_UNUSED_VARIABLE = YES;
				ONLY_ACTIVE_ARCH = YES;
				SDKROOT = macosx;
			};
			name = Debug;
		};
		652794A122A128610055720F /* Release */ = {
			isa = XCBuildConfiguration;
			buildSettings = {
				CLANG_WARN_BLOCK_CAPTURE_AUTORELEASING = YES;
				CLANG_WARN_BOOL_CONVERSION = YES;
				CLANG_WARN_COMMA = YES;
				CLANG_WARN_CONSTANT_CONVERSION = YES;
				CLANG_WARN_DEPRECATED_OBJC_IMPLEMENTATIONS = YES;
				CLANG_WARN_EMPTY_BODY = YES;
				CLANG_WARN_ENUM_CONVERSION = YES;
				CLANG_WARN_INFINITE_RECURSION = YES;
				CLANG_WARN_INT_CONVERSION = YES;
				CLANG_WARN_NON_LITERAL_NULL_CONVERSION = YES;
				CLANG_WARN_OBJC_IMPLICIT_RETAIN_SELF = YES;
				CLANG_WARN_OBJC_LITERAL_CONVERSION = YES;
				CLANG_WARN_RANGE_LOOP_ANALYSIS = YES;
				CLANG_WARN_STRICT_PROTOTYPES = YES;
				CLANG_WARN_SUSPICIOUS_MOVE = YES;
				CLANG_WARN_UNREACHABLE_CODE = YES;
				CLANG_WARN__DUPLICATE_METHOD_MATCH = YES;
				COPY_PHASE_STRIP = YES;
				ENABLE_STRICT_OBJC_MSGSEND = YES;
				GCC_NO_COMMON_BLOCKS = YES;
				GCC_WARN_64_TO_32_BIT_CONVERSION = YES;
				GCC_WARN_ABOUT_RETURN_TYPE = YES;
				GCC_WARN_UNDECLARED_SELECTOR = YES;
				GCC_WARN_UNINITIALIZED_AUTOS = YES;
				GCC_WARN_UNUSED_FUNCTION = YES;
				GCC_WARN_UNUSED_VARIABLE = YES;
				SDKROOT = macosx;
			};
			name = Release;
		};
		652794AF22A128610055720F /* Debug */ = {
			isa = XCBuildConfiguration;
			buildSettings = {
				CLANG_ENABLE_OBJC_WEAK = YES;
				COPY_PHASE_STRIP = NO;
				DEBUGGING_SYMBOLS = YES;
				GCC_DYNAMIC_NO_PIC = NO;
				GCC_GENERATE_DEBUGGING_SYMBOLS = YES;
				GCC_OPTIMIZATION_LEVEL = 0;
				OTHER_CFLAGS = "";
				OTHER_LDFLAGS = "";
				PRODUCT_NAME = src;
			};
			name = Debug;
		};
		652794B022A128610055720F /* Release */ = {
			isa = XCBuildConfiguration;
			buildSettings = {
				CLANG_ENABLE_OBJC_WEAK = YES;
				COPY_PHASE_STRIP = YES;
				DEBUG_INFORMATION_FORMAT = "dwarf-with-dsym";
				OTHER_CFLAGS = "";
				OTHER_LDFLAGS = "";
				PRODUCT_NAME = src;
			};
			name = Release;
		};
/* End XCBuildConfiguration section */

/* Begin XCConfigurationList section */
		652794A222A128610055720F /* Build configuration list for PBXProject "src" */ = {
			isa = XCConfigurationList;
			buildConfigurations = (
				652794A022A128610055720F /* Debug */,
				652794A122A128610055720F /* Release */,
			);
			defaultConfigurationIsVisible = 0;
			defaultConfigurationName = Release;
		};
		652794AE22A128610055720F /* Build configuration list for PBXLegacyTarget "src" */ = {
			isa = XCConfigurationList;
			buildConfigurations = (
				652794AF22A128610055720F /* Debug */,
				652794B022A128610055720F /* Release */,
			);
			defaultConfigurationIsVisible = 0;
			defaultConfigurationName = Release;
		};
/* End XCConfigurationList section */
	};
	rootObject = 6527949F22A128610055720F /* Project object */;
}
